
Microsoft Visual Studio Solution File, Format Version 12.00
# Visual Studio Version 17
VisualStudioVersion = 17.12.35728.132
MinimumVisualStudioVersion = 10.0.40219.1
Project("{8BC9CEB8-8B4A-11D0-8D11-00A0C91BC942}") = "mas-engine", "mas-engine\mas-engine.vcxproj", "{5D1F00C9-A7F7-4834-A54E-E0BEF5A9E289}"
EndProject
Project("{2150E333-8FDC-42A3-9474-1A3956D46DE8}") = "Solution Items", "Solution Items", "{4A9B9625-05A7-4B55-8622-5A16387A9DCD}"
	ProjectSection(SolutionItems) = preProject
		vcpkg.json = vcpkg.json
	EndProjectSection
EndProject
Global
	GlobalSection(SolutionConfigurationPlatforms) = preSolution
		Debug|x64 = Debug|x64
		Release|x64 = Release|x64
	EndGlobalSection
	GlobalSection(ProjectConfigurationPlatforms) = postSolution
		{5D1F00C9-A7F7-4834-A54E-E0BEF5A9E289}.Debug|x64.ActiveCfg = Debug|x64
		{5D1F00C9-A7F7-4834-A54E-E0BEF5A9E289}.Debug|x64.Build.0 = Debug|x64
		{5D1F00C9-A7F7-4834-A54E-E0BEF5A9E289}.Release|x64.ActiveCfg = Release|x64
		{5D1F00C9-A7F7-4834-A54E-E0BEF5A9E289}.Release|x64.Build.0 = Release|x64
	EndGlobalSection
	GlobalSection(SolutionProperties) = preSolution
		HideSolutionNode = FALSE
	EndGlobalSection
EndGlobal
